
Microsoft Visual Studio Solution File, Format Version 12.00
# Visual Studio Version 16
VisualStudioVersion = 16.0.30804.86
MinimumVisualStudioVersion = 10.0.40219.1
Project("{888888A0-9F3D-457C-B088-3A5042F75D52}") = "python_receiver", "python_receiver\python_receiver.pyproj", "{24BCEA82-5C5A-4D72-8D09-F496ABE0EEFF}"
EndProject
Global
	GlobalSection(SolutionConfigurationPlatforms) = preSolution
		Debug|Any CPU = Debug|Any CPU
		Release|Any CPU = Release|Any CPU
	EndGlobalSection
	GlobalSection(ProjectConfigurationPlatforms) = postSolution
		{24BCEA82-5C5A-4D72-8D09-F496ABE0EEFF}.Debug|Any CPU.ActiveCfg = Debug|Any CPU
		{24BCEA82-5C5A-4D72-8D09-F496ABE0EEFF}.Release|Any CPU.ActiveCfg = Release|Any CPU
	EndGlobalSection
	GlobalSection(SolutionProperties) = preSolution
		HideSolutionNode = FALSE
	EndGlobalSection
	GlobalSection(ExtensibilityGlobals) = postSolution
		SolutionGuid = {041A4633-E9E3-447F-BBFD-0C7A83197879}
	EndGlobalSection
EndGlobal
